// !$*UTF8*$!
{
	archiveVersion = 1;
	classes = {
	};
	objectVersion = 56;
	objects = {

/* Begin PBXBuildFile section */
		AD05E4922C88620F001A0730 /* ToDoModuleBuilder.swift in Sources */ = {isa = PBXBuildFile; fileRef = AD05E4912C88620F001A0730 /* ToDoModuleBuilder.swift */; };
		AD05E4972C8862C7001A0730 /* ToDoViewController.swift in Sources */ = {isa = PBXBuildFile; fileRef = AD05E4962C8862C6001A0730 /* ToDoViewController.swift */; };
		AD05E4992C8865EE001A0730 /* ToDoPresenter.swift in Sources */ = {isa = PBXBuildFile; fileRef = AD05E4982C8865EE001A0730 /* ToDoPresenter.swift */; };
		AD05E49B2C886615001A0730 /* ToDoInteractor.swift in Sources */ = {isa = PBXBuildFile; fileRef = AD05E49A2C886615001A0730 /* ToDoInteractor.swift */; };
		AD05E49D2C886729001A0730 /* ToDoRouter.swift in Sources */ = {isa = PBXBuildFile; fileRef = AD05E49C2C886729001A0730 /* ToDoRouter.swift */; };
		AD1184F92C89B871007AC8DF /* BaseTableViewCell.swift in Sources */ = {isa = PBXBuildFile; fileRef = AD1184F82C89B871007AC8DF /* BaseTableViewCell.swift */; };
		AD1184FB2C89B92A007AC8DF /* BaseCollectionViewCell.swift in Sources */ = {isa = PBXBuildFile; fileRef = AD1184FA2C89B92A007AC8DF /* BaseCollectionViewCell.swift */; };
		AD1184FE2C89B99C007AC8DF /* ToDoCellViewModel.swift in Sources */ = {isa = PBXBuildFile; fileRef = AD1184FD2C89B99C007AC8DF /* ToDoCellViewModel.swift */; };
		AD1185002C89C1BD007AC8DF /* ToDoView.swift in Sources */ = {isa = PBXBuildFile; fileRef = AD1184FF2C89C1BD007AC8DF /* ToDoView.swift */; };
		AD1185022C89CAA8007AC8DF /* ToDoScreenFlow.swift in Sources */ = {isa = PBXBuildFile; fileRef = AD1185012C89CAA8007AC8DF /* ToDoScreenFlow.swift */; };
		AD1185042C89D7FA007AC8DF /* CustomNavBar.swift in Sources */ = {isa = PBXBuildFile; fileRef = AD1185032C89D7FA007AC8DF /* CustomNavBar.swift */; };
		AD1185062C89D839007AC8DF /* AlertDisplayable.swift in Sources */ = {isa = PBXBuildFile; fileRef = AD1185052C89D839007AC8DF /* AlertDisplayable.swift */; };
		AD1185092C89D88A007AC8DF /* NavigationBarControllable.swift in Sources */ = {isa = PBXBuildFile; fileRef = AD1185082C89D88A007AC8DF /* NavigationBarControllable.swift */; };
		AD11850B2C89D8B4007AC8DF /* UIHelper.swift in Sources */ = {isa = PBXBuildFile; fileRef = AD11850A2C89D8B4007AC8DF /* UIHelper.swift */; };
		AD11850D2C89D9E8007AC8DF /* SpinnerDisplayable.swift in Sources */ = {isa = PBXBuildFile; fileRef = AD11850C2C89D9E8007AC8DF /* SpinnerDisplayable.swift */; };
		AD1185102C89F664007AC8DF /* CollectionFilterView.swift in Sources */ = {isa = PBXBuildFile; fileRef = AD11850F2C89F664007AC8DF /* CollectionFilterView.swift */; };
		AD1185132C89F7EE007AC8DF /* CollectionFilterViewModel.swift in Sources */ = {isa = PBXBuildFile; fileRef = AD1185122C89F7EE007AC8DF /* CollectionFilterViewModel.swift */; };
		AD1185152C89FA3C007AC8DF /* OneFilterCell.swift in Sources */ = {isa = PBXBuildFile; fileRef = AD1185142C89FA3C007AC8DF /* OneFilterCell.swift */; };
		AD1185172C89FA51007AC8DF /* OneFilterCellViewModel.swift in Sources */ = {isa = PBXBuildFile; fileRef = AD1185162C89FA51007AC8DF /* OneFilterCellViewModel.swift */; };
		AD1185192C8A00A8007AC8DF /* SepatorCell.swift in Sources */ = {isa = PBXBuildFile; fileRef = AD1185182C8A00A8007AC8DF /* SepatorCell.swift */; };
		AD11851B2C8A00C9007AC8DF /* SeparatorCellViewModel.swift in Sources */ = {isa = PBXBuildFile; fileRef = AD11851A2C8A00C9007AC8DF /* SeparatorCellViewModel.swift */; };
		AD58F63E2C8B4B910049F47A /* ToDoNetworkWorker.swift in Sources */ = {isa = PBXBuildFile; fileRef = AD58F63D2C8B4B910049F47A /* ToDoNetworkWorker.swift */; };
		AD5A9FA52C886ADB00600F26 /* ToDoCollectionViewCell.swift in Sources */ = {isa = PBXBuildFile; fileRef = AD5A9FA42C886ADB00600F26 /* ToDoCollectionViewCell.swift */; };
		AD5A9FA82C88842200600F26 /* ToDoEntity.swift in Sources */ = {isa = PBXBuildFile; fileRef = AD5A9FA72C88842200600F26 /* ToDoEntity.swift */; };
		AD5A9FC42C88A0F300600F26 /* Pods_ToDoVIPERCoreData.framework in Frameworks */ = {isa = PBXBuildFile; fileRef = D624966E3D25E8FBDA50305C /* Pods_ToDoVIPERCoreData.framework */; };
		AD8CD3052C908057007EB51C /* ToDoVIPERCoreDataTests.swift in Sources */ = {isa = PBXBuildFile; fileRef = AD8CD3042C908057007EB51C /* ToDoVIPERCoreDataTests.swift */; };
		AD8CD30C2C9080AC007EB51C /* NetworkManagerTests.swift in Sources */ = {isa = PBXBuildFile; fileRef = AD8CD30B2C9080AC007EB51C /* NetworkManagerTests.swift */; };
		AD8CD30D2C9080AC007EB51C /* NetworkManagerTests.swift in Sources */ = {isa = PBXBuildFile; fileRef = AD8CD30B2C9080AC007EB51C /* NetworkManagerTests.swift */; };
		AD8CD30F2C9080FA007EB51C /* MockNetworkService.swift in Sources */ = {isa = PBXBuildFile; fileRef = AD8CD30E2C9080FA007EB51C /* MockNetworkService.swift */; };
		AD8CD3102C9080FA007EB51C /* MockNetworkService.swift in Sources */ = {isa = PBXBuildFile; fileRef = AD8CD30E2C9080FA007EB51C /* MockNetworkService.swift */; };
		AD8CD3122C90823E007EB51C /* NetworkWorkerTests.swift in Sources */ = {isa = PBXBuildFile; fileRef = AD8CD3112C90823E007EB51C /* NetworkWorkerTests.swift */; };
		AD8CD3132C90823E007EB51C /* NetworkWorkerTests.swift in Sources */ = {isa = PBXBuildFile; fileRef = AD8CD3112C90823E007EB51C /* NetworkWorkerTests.swift */; };
		AD8CD3152C908270007EB51C /* NetworkServiceTests.swift in Sources */ = {isa = PBXBuildFile; fileRef = AD8CD3142C908270007EB51C /* NetworkServiceTests.swift */; };
		AD8CD3162C908270007EB51C /* NetworkServiceTests.swift in Sources */ = {isa = PBXBuildFile; fileRef = AD8CD3142C908270007EB51C /* NetworkServiceTests.swift */; };
		AD8CD3182C9082C0007EB51C /* MockURLSession.swift in Sources */ = {isa = PBXBuildFile; fileRef = AD8CD3172C9082C0007EB51C /* MockURLSession.swift */; };
		AD8CD3192C9082C0007EB51C /* MockURLSession.swift in Sources */ = {isa = PBXBuildFile; fileRef = AD8CD3172C9082C0007EB51C /* MockURLSession.swift */; };
		AD8CD31B2C92E4E9007EB51C /* EditTaskView.swift in Sources */ = {isa = PBXBuildFile; fileRef = AD8CD31A2C92E4E9007EB51C /* EditTaskView.swift */; };
		AD8CD31C2C92E4E9007EB51C /* EditTaskView.swift in Sources */ = {isa = PBXBuildFile; fileRef = AD8CD31A2C92E4E9007EB51C /* EditTaskView.swift */; };
		AD8CD3252C92E57F007EB51C /* EditTaskViewController.swift in Sources */ = {isa = PBXBuildFile; fileRef = AD8CD31E2C92E57F007EB51C /* EditTaskViewController.swift */; };
		AD8CD3262C92E57F007EB51C /* EditTaskViewController.swift in Sources */ = {isa = PBXBuildFile; fileRef = AD8CD31E2C92E57F007EB51C /* EditTaskViewController.swift */; };
		AD8CD3272C92E57F007EB51C /* EditTaskPresenter.swift in Sources */ = {isa = PBXBuildFile; fileRef = AD8CD31F2C92E57F007EB51C /* EditTaskPresenter.swift */; };
		AD8CD3282C92E57F007EB51C /* EditTaskPresenter.swift in Sources */ = {isa = PBXBuildFile; fileRef = AD8CD31F2C92E57F007EB51C /* EditTaskPresenter.swift */; };
		AD8CD3292C92E57F007EB51C /* EditTaskScreenFlow.swift in Sources */ = {isa = PBXBuildFile; fileRef = AD8CD3202C92E57F007EB51C /* EditTaskScreenFlow.swift */; };
		AD8CD32A2C92E57F007EB51C /* EditTaskScreenFlow.swift in Sources */ = {isa = PBXBuildFile; fileRef = AD8CD3202C92E57F007EB51C /* EditTaskScreenFlow.swift */; };
		AD8CD32B2C92E57F007EB51C /* EditTaskInteractor.swift in Sources */ = {isa = PBXBuildFile; fileRef = AD8CD3212C92E57F007EB51C /* EditTaskInteractor.swift */; };
		AD8CD32C2C92E57F007EB51C /* EditTaskInteractor.swift in Sources */ = {isa = PBXBuildFile; fileRef = AD8CD3212C92E57F007EB51C /* EditTaskInteractor.swift */; };
		AD8CD32D2C92E57F007EB51C /* EditTaskRouter.swift in Sources */ = {isa = PBXBuildFile; fileRef = AD8CD3222C92E57F007EB51C /* EditTaskRouter.swift */; };
		AD8CD32E2C92E57F007EB51C /* EditTaskRouter.swift in Sources */ = {isa = PBXBuildFile; fileRef = AD8CD3222C92E57F007EB51C /* EditTaskRouter.swift */; };
		AD8CD32F2C92E57F007EB51C /* EditTaskEntity.swift in Sources */ = {isa = PBXBuildFile; fileRef = AD8CD3232C92E57F007EB51C /* EditTaskEntity.swift */; };
		AD8CD3302C92E57F007EB51C /* EditTaskEntity.swift in Sources */ = {isa = PBXBuildFile; fileRef = AD8CD3232C92E57F007EB51C /* EditTaskEntity.swift */; };
		AD8CD3312C92E57F007EB51C /* EditTaskModuleBuilder.swift in Sources */ = {isa = PBXBuildFile; fileRef = AD8CD3242C92E57F007EB51C /* EditTaskModuleBuilder.swift */; };
		AD8CD3322C92E57F007EB51C /* EditTaskModuleBuilder.swift in Sources */ = {isa = PBXBuildFile; fileRef = AD8CD3242C92E57F007EB51C /* EditTaskModuleBuilder.swift */; };
		ADBB3EC62C8856590096B776 /* AppDelegate.swift in Sources */ = {isa = PBXBuildFile; fileRef = ADBB3EC52C8856590096B776 /* AppDelegate.swift */; };
		ADBB3EC82C8856590096B776 /* SceneDelegate.swift in Sources */ = {isa = PBXBuildFile; fileRef = ADBB3EC72C8856590096B776 /* SceneDelegate.swift */; };
		ADBB3ECF2C88565B0096B776 /* Assets.xcassets in Resources */ = {isa = PBXBuildFile; fileRef = ADBB3ECE2C88565B0096B776 /* Assets.xcassets */; };
		ADBB3ED22C88565B0096B776 /* Base in Resources */ = {isa = PBXBuildFile; fileRef = ADBB3ED12C88565B0096B776 /* Base */; };
		ADE6E9902C8A163D0061C69D /* Print global.swift in Sources */ = {isa = PBXBuildFile; fileRef = ADE6E98F2C8A163D0061C69D /* Print global.swift */; };
		ADE6E9922C8A2DB00061C69D /* NetworkManager.swift in Sources */ = {isa = PBXBuildFile; fileRef = ADE6E9912C8A2DB00061C69D /* NetworkManager.swift */; };
		ADE6E9982C8A347D0061C69D /* DataMapper.swift in Sources */ = {isa = PBXBuildFile; fileRef = ADE6E9972C8A347D0061C69D /* DataMapper.swift */; };
		ADE6E99A2C8A34BE0061C69D /* DataMapperError.swift in Sources */ = {isa = PBXBuildFile; fileRef = ADE6E9992C8A34BE0061C69D /* DataMapperError.swift */; };
		ADE6E99C2C8A35C80061C69D /* EndPoint.swift in Sources */ = {isa = PBXBuildFile; fileRef = ADE6E99B2C8A35C80061C69D /* EndPoint.swift */; };
		ADE6E99E2C8A36B00061C69D /* NetServiceError.swift in Sources */ = {isa = PBXBuildFile; fileRef = ADE6E99D2C8A36B00061C69D /* NetServiceError.swift */; };
		ADE6E9A02C8A36F00061C69D /* NetworkService.swift in Sources */ = {isa = PBXBuildFile; fileRef = ADE6E99F2C8A36F00061C69D /* NetworkService.swift */; };
		ADE6E9A22C8A3B040061C69D /* NetworkManagerErrors.swift in Sources */ = {isa = PBXBuildFile; fileRef = ADE6E9A12C8A3B040061C69D /* NetworkManagerErrors.swift */; };
		ADE6E9A42C8A439E0061C69D /* StorageDataManager.swift in Sources */ = {isa = PBXBuildFile; fileRef = ADE6E9A32C8A439E0061C69D /* StorageDataManager.swift */; };
		ADE6E9A62C8AD9450061C69D /* CoreData.framework in Frameworks */ = {isa = PBXBuildFile; fileRef = ADE6E9A52C8AD9440061C69D /* CoreData.framework */; };
		ADE6E9A92C8ADE090061C69D /* StorageWorker.swift in Sources */ = {isa = PBXBuildFile; fileRef = ADE6E9A82C8ADE090061C69D /* StorageWorker.swift */; };
		ADE6E9AF2C8AEECB0061C69D /* ToDoVIPERCoreData.xcdatamodeld in Sources */ = {isa = PBXBuildFile; fileRef = ADE6E9AD2C8AEECB0061C69D /* ToDoVIPERCoreData.xcdatamodeld */; };
		ADE920232C8B0680004B6166 /* CoreDataService.swift in Sources */ = {isa = PBXBuildFile; fileRef = ADE920222C8B0680004B6166 /* CoreDataService.swift */; };
/* End PBXBuildFile section */

/* Begin PBXContainerItemProxy section */
		AD8CD3062C908057007EB51C /* PBXContainerItemProxy */ = {
			isa = PBXContainerItemProxy;
			containerPortal = ADBB3EBA2C8856590096B776 /* Project object */;
			proxyType = 1;
			remoteGlobalIDString = ADBB3EC12C8856590096B776;
			remoteInfo = ToDoVIPERCoreData;
		};
/* End PBXContainerItemProxy section */

/* Begin PBXFileReference section */
		30A2319FB4E0AB5D04CBDA83 /* Pods-ToDoVIPERCoreData.debug.xcconfig */ = {isa = PBXFileReference; includeInIndex = 1; lastKnownFileType = text.xcconfig; name = "Pods-ToDoVIPERCoreData.debug.xcconfig"; path = "Target Support Files/Pods-ToDoVIPERCoreData/Pods-ToDoVIPERCoreData.debug.xcconfig"; sourceTree = "<group>"; };
		62E8D8C65EEA05BEED6D3C50 /* Pods-ToDoVIPERCoreData.release.xcconfig */ = {isa = PBXFileReference; includeInIndex = 1; lastKnownFileType = text.xcconfig; name = "Pods-ToDoVIPERCoreData.release.xcconfig"; path = "Target Support Files/Pods-ToDoVIPERCoreData/Pods-ToDoVIPERCoreData.release.xcconfig"; sourceTree = "<group>"; };
		AD05E4912C88620F001A0730 /* ToDoModuleBuilder.swift */ = {isa = PBXFileReference; lastKnownFileType = sourcecode.swift; path = ToDoModuleBuilder.swift; sourceTree = "<group>"; };
		AD05E4962C8862C6001A0730 /* ToDoViewController.swift */ = {isa = PBXFileReference; lastKnownFileType = sourcecode.swift; path = ToDoViewController.swift; sourceTree = "<group>"; };
		AD05E4982C8865EE001A0730 /* ToDoPresenter.swift */ = {isa = PBXFileReference; lastKnownFileType = sourcecode.swift; path = ToDoPresenter.swift; sourceTree = "<group>"; };
		AD05E49A2C886615001A0730 /* ToDoInteractor.swift */ = {isa = PBXFileReference; lastKnownFileType = sourcecode.swift; path = ToDoInteractor.swift; sourceTree = "<group>"; };
		AD05E49C2C886729001A0730 /* ToDoRouter.swift */ = {isa = PBXFileReference; lastKnownFileType = sourcecode.swift; path = ToDoRouter.swift; sourceTree = "<group>"; };
		AD1184F82C89B871007AC8DF /* BaseTableViewCell.swift */ = {isa = PBXFileReference; lastKnownFileType = sourcecode.swift; path = BaseTableViewCell.swift; sourceTree = "<group>"; };
		AD1184FA2C89B92A007AC8DF /* BaseCollectionViewCell.swift */ = {isa = PBXFileReference; lastKnownFileType = sourcecode.swift; path = BaseCollectionViewCell.swift; sourceTree = "<group>"; };
		AD1184FD2C89B99C007AC8DF /* ToDoCellViewModel.swift */ = {isa = PBXFileReference; lastKnownFileType = sourcecode.swift; path = ToDoCellViewModel.swift; sourceTree = "<group>"; };
		AD1184FF2C89C1BD007AC8DF /* ToDoView.swift */ = {isa = PBXFileReference; lastKnownFileType = sourcecode.swift; path = ToDoView.swift; sourceTree = "<group>"; };
		AD1185012C89CAA8007AC8DF /* ToDoScreenFlow.swift */ = {isa = PBXFileReference; lastKnownFileType = sourcecode.swift; path = ToDoScreenFlow.swift; sourceTree = "<group>"; };
		AD1185032C89D7FA007AC8DF /* CustomNavBar.swift */ = {isa = PBXFileReference; lastKnownFileType = sourcecode.swift; path = CustomNavBar.swift; sourceTree = "<group>"; };
		AD1185052C89D839007AC8DF /* AlertDisplayable.swift */ = {isa = PBXFileReference; lastKnownFileType = sourcecode.swift; path = AlertDisplayable.swift; sourceTree = "<group>"; };
		AD1185082C89D88A007AC8DF /* NavigationBarControllable.swift */ = {isa = PBXFileReference; lastKnownFileType = sourcecode.swift; path = NavigationBarControllable.swift; sourceTree = "<group>"; };
		AD11850A2C89D8B4007AC8DF /* UIHelper.swift */ = {isa = PBXFileReference; lastKnownFileType = sourcecode.swift; path = UIHelper.swift; sourceTree = "<group>"; };
		AD11850C2C89D9E8007AC8DF /* SpinnerDisplayable.swift */ = {isa = PBXFileReference; lastKnownFileType = sourcecode.swift; path = SpinnerDisplayable.swift; sourceTree = "<group>"; };
		AD11850F2C89F664007AC8DF /* CollectionFilterView.swift */ = {isa = PBXFileReference; lastKnownFileType = sourcecode.swift; path = CollectionFilterView.swift; sourceTree = "<group>"; };
		AD1185122C89F7EE007AC8DF /* CollectionFilterViewModel.swift */ = {isa = PBXFileReference; lastKnownFileType = sourcecode.swift; path = CollectionFilterViewModel.swift; sourceTree = "<group>"; };
		AD1185142C89FA3C007AC8DF /* OneFilterCell.swift */ = {isa = PBXFileReference; lastKnownFileType = sourcecode.swift; path = OneFilterCell.swift; sourceTree = "<group>"; };
		AD1185162C89FA51007AC8DF /* OneFilterCellViewModel.swift */ = {isa = PBXFileReference; lastKnownFileType = sourcecode.swift; path = OneFilterCellViewModel.swift; sourceTree = "<group>"; };
		AD1185182C8A00A8007AC8DF /* SepatorCell.swift */ = {isa = PBXFileReference; lastKnownFileType = sourcecode.swift; path = SepatorCell.swift; sourceTree = "<group>"; };
		AD11851A2C8A00C9007AC8DF /* SeparatorCellViewModel.swift */ = {isa = PBXFileReference; lastKnownFileType = sourcecode.swift; path = SeparatorCellViewModel.swift; sourceTree = "<group>"; };
		AD58F63D2C8B4B910049F47A /* ToDoNetworkWorker.swift */ = {isa = PBXFileReference; fileEncoding = 4; lastKnownFileType = sourcecode.swift; path = ToDoNetworkWorker.swift; sourceTree = "<group>"; };
		AD5A9FA42C886ADB00600F26 /* ToDoCollectionViewCell.swift */ = {isa = PBXFileReference; lastKnownFileType = sourcecode.swift; path = ToDoCollectionViewCell.swift; sourceTree = "<group>"; };
		AD5A9FA72C88842200600F26 /* ToDoEntity.swift */ = {isa = PBXFileReference; lastKnownFileType = sourcecode.swift; path = ToDoEntity.swift; sourceTree = "<group>"; };
		AD8CD3022C908057007EB51C /* ToDoVIPERCoreDataTests.xctest */ = {isa = PBXFileReference; explicitFileType = wrapper.cfbundle; includeInIndex = 0; path = ToDoVIPERCoreDataTests.xctest; sourceTree = BUILT_PRODUCTS_DIR; };
		AD8CD3042C908057007EB51C /* ToDoVIPERCoreDataTests.swift */ = {isa = PBXFileReference; lastKnownFileType = sourcecode.swift; path = ToDoVIPERCoreDataTests.swift; sourceTree = "<group>"; };
		AD8CD30B2C9080AC007EB51C /* NetworkManagerTests.swift */ = {isa = PBXFileReference; lastKnownFileType = sourcecode.swift; path = NetworkManagerTests.swift; sourceTree = "<group>"; };
		AD8CD30E2C9080FA007EB51C /* MockNetworkService.swift */ = {isa = PBXFileReference; lastKnownFileType = sourcecode.swift; path = MockNetworkService.swift; sourceTree = "<group>"; };
		AD8CD3112C90823E007EB51C /* NetworkWorkerTests.swift */ = {isa = PBXFileReference; lastKnownFileType = sourcecode.swift; path = NetworkWorkerTests.swift; sourceTree = "<group>"; };
		AD8CD3142C908270007EB51C /* NetworkServiceTests.swift */ = {isa = PBXFileReference; lastKnownFileType = sourcecode.swift; path = NetworkServiceTests.swift; sourceTree = "<group>"; };
		AD8CD3172C9082C0007EB51C /* MockURLSession.swift */ = {isa = PBXFileReference; lastKnownFileType = sourcecode.swift; path = MockURLSession.swift; sourceTree = "<group>"; };
		AD8CD31A2C92E4E9007EB51C /* EditTaskView.swift */ = {isa = PBXFileReference; lastKnownFileType = sourcecode.swift; path = EditTaskView.swift; sourceTree = "<group>"; };
		AD8CD31E2C92E57F007EB51C /* EditTaskViewController.swift */ = {isa = PBXFileReference; fileEncoding = 4; lastKnownFileType = sourcecode.swift; path = EditTaskViewController.swift; sourceTree = "<group>"; };
		AD8CD31F2C92E57F007EB51C /* EditTaskPresenter.swift */ = {isa = PBXFileReference; fileEncoding = 4; lastKnownFileType = sourcecode.swift; path = EditTaskPresenter.swift; sourceTree = "<group>"; };
		AD8CD3202C92E57F007EB51C /* EditTaskScreenFlow.swift */ = {isa = PBXFileReference; fileEncoding = 4; lastKnownFileType = sourcecode.swift; path = EditTaskScreenFlow.swift; sourceTree = "<group>"; };
		AD8CD3212C92E57F007EB51C /* EditTaskInteractor.swift */ = {isa = PBXFileReference; fileEncoding = 4; lastKnownFileType = sourcecode.swift; path = EditTaskInteractor.swift; sourceTree = "<group>"; };
		AD8CD3222C92E57F007EB51C /* EditTaskRouter.swift */ = {isa = PBXFileReference; fileEncoding = 4; lastKnownFileType = sourcecode.swift; path = EditTaskRouter.swift; sourceTree = "<group>"; };
		AD8CD3232C92E57F007EB51C /* EditTaskEntity.swift */ = {isa = PBXFileReference; fileEncoding = 4; lastKnownFileType = sourcecode.swift; path = EditTaskEntity.swift; sourceTree = "<group>"; };
		AD8CD3242C92E57F007EB51C /* EditTaskModuleBuilder.swift */ = {isa = PBXFileReference; fileEncoding = 4; lastKnownFileType = sourcecode.swift; path = EditTaskModuleBuilder.swift; sourceTree = "<group>"; };
		ADBB3EC22C8856590096B776 /* ToDoVIPERCoreData.app */ = {isa = PBXFileReference; explicitFileType = wrapper.application; includeInIndex = 0; path = ToDoVIPERCoreData.app; sourceTree = BUILT_PRODUCTS_DIR; };
		ADBB3EC52C8856590096B776 /* AppDelegate.swift */ = {isa = PBXFileReference; lastKnownFileType = sourcecode.swift; path = AppDelegate.swift; sourceTree = "<group>"; };
		ADBB3EC72C8856590096B776 /* SceneDelegate.swift */ = {isa = PBXFileReference; lastKnownFileType = sourcecode.swift; path = SceneDelegate.swift; sourceTree = "<group>"; };
		ADBB3ECE2C88565B0096B776 /* Assets.xcassets */ = {isa = PBXFileReference; lastKnownFileType = folder.assetcatalog; path = Assets.xcassets; sourceTree = "<group>"; };
		ADBB3ED12C88565B0096B776 /* Base */ = {isa = PBXFileReference; lastKnownFileType = file.storyboard; name = Base; path = Base.lproj/LaunchScreen.storyboard; sourceTree = "<group>"; };
		ADBB3ED32C88565B0096B776 /* Info.plist */ = {isa = PBXFileReference; lastKnownFileType = text.plist.xml; path = Info.plist; sourceTree = "<group>"; };
		ADE6E98F2C8A163D0061C69D /* Print global.swift */ = {isa = PBXFileReference; lastKnownFileType = sourcecode.swift; path = "Print global.swift"; sourceTree = "<group>"; };
		ADE6E9912C8A2DB00061C69D /* NetworkManager.swift */ = {isa = PBXFileReference; lastKnownFileType = sourcecode.swift; path = NetworkManager.swift; sourceTree = "<group>"; };
		ADE6E9972C8A347D0061C69D /* DataMapper.swift */ = {isa = PBXFileReference; lastKnownFileType = sourcecode.swift; path = DataMapper.swift; sourceTree = "<group>"; };
		ADE6E9992C8A34BE0061C69D /* DataMapperError.swift */ = {isa = PBXFileReference; lastKnownFileType = sourcecode.swift; path = DataMapperError.swift; sourceTree = "<group>"; };
		ADE6E99B2C8A35C80061C69D /* EndPoint.swift */ = {isa = PBXFileReference; lastKnownFileType = sourcecode.swift; path = EndPoint.swift; sourceTree = "<group>"; };
		ADE6E99D2C8A36B00061C69D /* NetServiceError.swift */ = {isa = PBXFileReference; lastKnownFileType = sourcecode.swift; path = NetServiceError.swift; sourceTree = "<group>"; };
		ADE6E99F2C8A36F00061C69D /* NetworkService.swift */ = {isa = PBXFileReference; lastKnownFileType = sourcecode.swift; path = NetworkService.swift; sourceTree = "<group>"; };
		ADE6E9A12C8A3B040061C69D /* NetworkManagerErrors.swift */ = {isa = PBXFileReference; lastKnownFileType = sourcecode.swift; path = NetworkManagerErrors.swift; sourceTree = "<group>"; };
		ADE6E9A32C8A439E0061C69D /* StorageDataManager.swift */ = {isa = PBXFileReference; lastKnownFileType = sourcecode.swift; path = StorageDataManager.swift; sourceTree = "<group>"; };
		ADE6E9A52C8AD9440061C69D /* CoreData.framework */ = {isa = PBXFileReference; lastKnownFileType = wrapper.framework; name = CoreData.framework; path = System/Library/Frameworks/CoreData.framework; sourceTree = SDKROOT; };
		ADE6E9A82C8ADE090061C69D /* StorageWorker.swift */ = {isa = PBXFileReference; lastKnownFileType = sourcecode.swift; path = StorageWorker.swift; sourceTree = "<group>"; };
		ADE6E9AE2C8AEECB0061C69D /* ToDoVIPERCoreData.xcdatamodel */ = {isa = PBXFileReference; lastKnownFileType = wrapper.xcdatamodel; path = ToDoVIPERCoreData.xcdatamodel; sourceTree = "<group>"; };
		ADE920222C8B0680004B6166 /* CoreDataService.swift */ = {isa = PBXFileReference; lastKnownFileType = sourcecode.swift; path = CoreDataService.swift; sourceTree = "<group>"; };
		D624966E3D25E8FBDA50305C /* Pods_ToDoVIPERCoreData.framework */ = {isa = PBXFileReference; explicitFileType = wrapper.framework; includeInIndex = 0; path = Pods_ToDoVIPERCoreData.framework; sourceTree = BUILT_PRODUCTS_DIR; };
/* End PBXFileReference section */

/* Begin PBXFrameworksBuildPhase section */
		AD8CD2FF2C908057007EB51C /* Frameworks */ = {
			isa = PBXFrameworksBuildPhase;
			buildActionMask = 2147483647;
			files = (
			);
			runOnlyForDeploymentPostprocessing = 0;
		};
		ADBB3EBF2C8856590096B776 /* Frameworks */ = {
			isa = PBXFrameworksBuildPhase;
			buildActionMask = 2147483647;
			files = (
				ADE6E9A62C8AD9450061C69D /* CoreData.framework in Frameworks */,
				AD5A9FC42C88A0F300600F26 /* Pods_ToDoVIPERCoreData.framework in Frameworks */,
			);
			runOnlyForDeploymentPostprocessing = 0;
		};
/* End PBXFrameworksBuildPhase section */

/* Begin PBXGroup section */
		A24D9DC890F17BB5166C7AF9 /* Frameworks */ = {
			isa = PBXGroup;
			children = (
				ADE6E9A52C8AD9440061C69D /* CoreData.framework */,
				D624966E3D25E8FBDA50305C /* Pods_ToDoVIPERCoreData.framework */,
			);
			name = Frameworks;
			sourceTree = "<group>";
		};
		AD05E4932C886214001A0730 /* ToDo */ = {
			isa = PBXGroup;
			children = (
				AD05E4912C88620F001A0730 /* ToDoModuleBuilder.swift */,
				AD1185012C89CAA8007AC8DF /* ToDoScreenFlow.swift */,
				AD5A9FA72C88842200600F26 /* ToDoEntity.swift */,
				AD1184FF2C89C1BD007AC8DF /* ToDoView.swift */,
				AD05E4962C8862C6001A0730 /* ToDoViewController.swift */,
				AD05E49A2C886615001A0730 /* ToDoInteractor.swift */,
				AD05E4982C8865EE001A0730 /* ToDoPresenter.swift */,
				AD05E49C2C886729001A0730 /* ToDoRouter.swift */,
				AD1185112C89F669007AC8DF /* FilterView */,
				AD5A9FA62C886BAB00600F26 /* ToDoCell */,
			);
			name = ToDo;
			path = ..;
			sourceTree = "<group>";
		};
		AD05E4942C88622B001A0730 /* Scenes */ = {
			isa = PBXGroup;
			children = (
				AD05E4932C886214001A0730 /* ToDo */,
				AD11850E2C89DA95007AC8DF /* Helpers */,
				AD8CD31D2C92E529007EB51C /* EditTask */,
			);
			path = Scenes;
			sourceTree = "<group>";
		};
		AD1184FC2C89B941007AC8DF /* BaseCells */ = {
			isa = PBXGroup;
			children = (
				AD1184F82C89B871007AC8DF /* BaseTableViewCell.swift */,
				AD1184FA2C89B92A007AC8DF /* BaseCollectionViewCell.swift */,
			);
			path = BaseCells;
			sourceTree = "<group>";
		};
		AD1185072C89D83E007AC8DF /* Protocols */ = {
			isa = PBXGroup;
			children = (
				AD1185052C89D839007AC8DF /* AlertDisplayable.swift */,
				AD1185082C89D88A007AC8DF /* NavigationBarControllable.swift */,
				AD11850C2C89D9E8007AC8DF /* SpinnerDisplayable.swift */,
			);
			path = Protocols;
			sourceTree = "<group>";
		};
		AD11850E2C89DA95007AC8DF /* Helpers */ = {
			isa = PBXGroup;
			children = (
				AD1185032C89D7FA007AC8DF /* CustomNavBar.swift */,
				ADE6E98F2C8A163D0061C69D /* Print global.swift */,
				AD11850A2C89D8B4007AC8DF /* UIHelper.swift */,
			);
			path = Helpers;
			sourceTree = "<group>";
		};
		AD1185112C89F669007AC8DF /* FilterView */ = {
			isa = PBXGroup;
			children = (
				AD11850F2C89F664007AC8DF /* CollectionFilterView.swift */,
				AD1185122C89F7EE007AC8DF /* CollectionFilterViewModel.swift */,
				AD1185142C89FA3C007AC8DF /* OneFilterCell.swift */,
				AD1185162C89FA51007AC8DF /* OneFilterCellViewModel.swift */,
				AD1185182C8A00A8007AC8DF /* SepatorCell.swift */,
				AD11851A2C8A00C9007AC8DF /* SeparatorCellViewModel.swift */,
			);
			path = FilterView;
			sourceTree = "<group>";
		};
		AD58F63C2C8B4B5A0049F47A /* Workers */ = {
			isa = PBXGroup;
			children = (
				AD58F63D2C8B4B910049F47A /* ToDoNetworkWorker.swift */,
				ADE6E9A82C8ADE090061C69D /* StorageWorker.swift */,
				AD58F63F2C8B4BA50049F47A /* Managers */,
			);
			path = Workers;
			sourceTree = "<group>";
		};
		AD58F63F2C8B4BA50049F47A /* Managers */ = {
			isa = PBXGroup;
			children = (
				ADE6E9912C8A2DB00061C69D /* NetworkManager.swift */,
				ADE6E9A12C8A3B040061C69D /* NetworkManagerErrors.swift */,
				ADE6E9A32C8A439E0061C69D /* StorageDataManager.swift */,
				AD58F6402C8B51560049F47A /* NetService */,
				AD58F6432C8B51A50049F47A /* DBService */,
			);
			path = Managers;
			sourceTree = "<group>";
		};
		AD58F6402C8B51560049F47A /* NetService */ = {
			isa = PBXGroup;
			children = (
				ADE6E99F2C8A36F00061C69D /* NetworkService.swift */,
				ADE6E99D2C8A36B00061C69D /* NetServiceError.swift */,
			);
			path = NetService;
			sourceTree = "<group>";
		};
		AD58F6432C8B51A50049F47A /* DBService */ = {
			isa = PBXGroup;
			children = (
				ADE920222C8B0680004B6166 /* CoreDataService.swift */,
			);
			path = DBService;
			sourceTree = "<group>";
		};
		AD5A9FA62C886BAB00600F26 /* ToDoCell */ = {
			isa = PBXGroup;
			children = (
				AD5A9FA42C886ADB00600F26 /* ToDoCollectionViewCell.swift */,
				AD1184FD2C89B99C007AC8DF /* ToDoCellViewModel.swift */,
				AD1184FC2C89B941007AC8DF /* BaseCells */,
			);
			path = ToDoCell;
			sourceTree = "<group>";
		};
		AD8CD3032C908057007EB51C /* ToDoVIPERCoreDataTests */ = {
			isa = PBXGroup;
			children = (
				AD8CD3042C908057007EB51C /* ToDoVIPERCoreDataTests.swift */,
				AD8CD30B2C9080AC007EB51C /* NetworkManagerTests.swift */,
				AD8CD3112C90823E007EB51C /* NetworkWorkerTests.swift */,
				AD8CD3142C908270007EB51C /* NetworkServiceTests.swift */,
				AD8CD30E2C9080FA007EB51C /* MockNetworkService.swift */,
				AD8CD3172C9082C0007EB51C /* MockURLSession.swift */,
			);
			path = ToDoVIPERCoreDataTests;
			sourceTree = "<group>";
		};
		AD8CD31D2C92E529007EB51C /* EditTask */ = {
			isa = PBXGroup;
			children = (
				AD8CD3242C92E57F007EB51C /* EditTaskModuleBuilder.swift */,
				AD8CD3202C92E57F007EB51C /* EditTaskScreenFlow.swift */,
				AD8CD3232C92E57F007EB51C /* EditTaskEntity.swift */,
				AD8CD31A2C92E4E9007EB51C /* EditTaskView.swift */,
				AD8CD31E2C92E57F007EB51C /* EditTaskViewController.swift */,
				AD8CD31F2C92E57F007EB51C /* EditTaskPresenter.swift */,
				AD8CD3212C92E57F007EB51C /* EditTaskInteractor.swift */,
				AD8CD3222C92E57F007EB51C /* EditTaskRouter.swift */,
			);
			path = EditTask;
			sourceTree = "<group>";
		};
		ADBB3EB92C8856590096B776 = {
			isa = PBXGroup;
			children = (
				ADBB3EC42C8856590096B776 /* ToDoVIPERCoreData */,
				AD8CD3032C908057007EB51C /* ToDoVIPERCoreDataTests */,
				ADBB3EC32C8856590096B776 /* Products */,
				B0973F35BA6CE573E0D8F7A7 /* Pods */,
				A24D9DC890F17BB5166C7AF9 /* Frameworks */,
			);
			sourceTree = "<group>";
		};
		ADBB3EC32C8856590096B776 /* Products */ = {
			isa = PBXGroup;
			children = (
				ADBB3EC22C8856590096B776 /* ToDoVIPERCoreData.app */,
				AD8CD3022C908057007EB51C /* ToDoVIPERCoreDataTests.xctest */,
			);
			name = Products;
			sourceTree = "<group>";
		};
		ADBB3EC42C8856590096B776 /* ToDoVIPERCoreData */ = {
			isa = PBXGroup;
			children = (
				ADBB3EC52C8856590096B776 /* AppDelegate.swift */,
				ADBB3EC72C8856590096B776 /* SceneDelegate.swift */,
				AD1185072C89D83E007AC8DF /* Protocols */,
				ADE6E9942C8A2DFA0061C69D /* CoreNetworkLayer */,
				ADE6E9932C8A2DDB0061C69D /* BusinessLayer */,
				ADE6E9A72C8AD9CF0061C69D /* CoreData */,
				AD05E4942C88622B001A0730 /* Scenes */,
				ADBB3ECE2C88565B0096B776 /* Assets.xcassets */,
				ADBB3ED02C88565B0096B776 /* LaunchScreen.storyboard */,
				ADBB3ED32C88565B0096B776 /* Info.plist */,
			);
			path = ToDoVIPERCoreData;
			sourceTree = "<group>";
		};
		ADE6E9932C8A2DDB0061C69D /* BusinessLayer */ = {
			isa = PBXGroup;
			children = (
				AD58F63C2C8B4B5A0049F47A /* Workers */,
			);
			path = BusinessLayer;
			sourceTree = "<group>";
		};
		ADE6E9942C8A2DFA0061C69D /* CoreNetworkLayer */ = {
			isa = PBXGroup;
			children = (
				ADE6E99B2C8A35C80061C69D /* EndPoint.swift */,
				ADE6E9972C8A347D0061C69D /* DataMapper.swift */,
				ADE6E9992C8A34BE0061C69D /* DataMapperError.swift */,
			);
			path = CoreNetworkLayer;
			sourceTree = "<group>";
		};
		ADE6E9A72C8AD9CF0061C69D /* CoreData */ = {
			isa = PBXGroup;
			children = (
				ADE6E9AD2C8AEECB0061C69D /* ToDoVIPERCoreData.xcdatamodeld */,
			);
			path = CoreData;
			sourceTree = "<group>";
		};
		B0973F35BA6CE573E0D8F7A7 /* Pods */ = {
			isa = PBXGroup;
			children = (
				30A2319FB4E0AB5D04CBDA83 /* Pods-ToDoVIPERCoreData.debug.xcconfig */,
				62E8D8C65EEA05BEED6D3C50 /* Pods-ToDoVIPERCoreData.release.xcconfig */,
			);
			path = Pods;
			sourceTree = "<group>";
		};
/* End PBXGroup section */

/* Begin PBXNativeTarget section */
		AD8CD3012C908057007EB51C /* ToDoVIPERCoreDataTests */ = {
			isa = PBXNativeTarget;
			buildConfigurationList = AD8CD30A2C908057007EB51C /* Build configuration list for PBXNativeTarget "ToDoVIPERCoreDataTests" */;
			buildPhases = (
				AD8CD2FE2C908057007EB51C /* Sources */,
				AD8CD2FF2C908057007EB51C /* Frameworks */,
				AD8CD3002C908057007EB51C /* Resources */,
			);
			buildRules = (
			);
			dependencies = (
				AD8CD3072C908057007EB51C /* PBXTargetDependency */,
			);
			name = ToDoVIPERCoreDataTests;
			productName = ToDoVIPERCoreDataTests;
			productReference = AD8CD3022C908057007EB51C /* ToDoVIPERCoreDataTests.xctest */;
			productType = "com.apple.product-type.bundle.unit-test";
		};
		ADBB3EC12C8856590096B776 /* ToDoVIPERCoreData */ = {
			isa = PBXNativeTarget;
			buildConfigurationList = ADBB3ED62C88565B0096B776 /* Build configuration list for PBXNativeTarget "ToDoVIPERCoreData" */;
			buildPhases = (
				75160CDBC2955326080E05F4 /* [CP] Check Pods Manifest.lock */,
				ADBB3EBE2C8856590096B776 /* Sources */,
				ADBB3EBF2C8856590096B776 /* Frameworks */,
				ADBB3EC02C8856590096B776 /* Resources */,
				67E18FE76B0361A7F2F252DF /* [CP] Embed Pods Frameworks */,
			);
			buildRules = (
			);
			dependencies = (
			);
			name = ToDoVIPERCoreData;
			packageProductDependencies = (
			);
			productName = ToDoVIPERCoreData;
			productReference = ADBB3EC22C8856590096B776 /* ToDoVIPERCoreData.app */;
			productType = "com.apple.product-type.application";
		};
/* End PBXNativeTarget section */

/* Begin PBXProject section */
		ADBB3EBA2C8856590096B776 /* Project object */ = {
			isa = PBXProject;
			attributes = {
				BuildIndependentTargetsInParallel = 1;
				LastSwiftUpdateCheck = 1540;
				LastUpgradeCheck = 1540;
				TargetAttributes = {
					AD8CD3012C908057007EB51C = {
						CreatedOnToolsVersion = 15.4;
						TestTargetID = ADBB3EC12C8856590096B776;
					};
					ADBB3EC12C8856590096B776 = {
						CreatedOnToolsVersion = 15.4;
					};
				};
			};
			buildConfigurationList = ADBB3EBD2C8856590096B776 /* Build configuration list for PBXProject "ToDoVIPERCoreData" */;
			compatibilityVersion = "Xcode 14.0";
			developmentRegion = en;
			hasScannedForEncodings = 0;
			knownRegions = (
				en,
				Base,
			);
			mainGroup = ADBB3EB92C8856590096B776;
			packageReferences = (
			);
			productRefGroup = ADBB3EC32C8856590096B776 /* Products */;
			projectDirPath = "";
			projectRoot = "";
			targets = (
				ADBB3EC12C8856590096B776 /* ToDoVIPERCoreData */,
				AD8CD3012C908057007EB51C /* ToDoVIPERCoreDataTests */,
			);
		};
/* End PBXProject section */

/* Begin PBXResourcesBuildPhase section */
		AD8CD3002C908057007EB51C /* Resources */ = {
			isa = PBXResourcesBuildPhase;
			buildActionMask = 2147483647;
			files = (
			);
			runOnlyForDeploymentPostprocessing = 0;
		};
		ADBB3EC02C8856590096B776 /* Resources */ = {
			isa = PBXResourcesBuildPhase;
			buildActionMask = 2147483647;
			files = (
				ADBB3ECF2C88565B0096B776 /* Assets.xcassets in Resources */,
				ADBB3ED22C88565B0096B776 /* Base in Resources */,
			);
			runOnlyForDeploymentPostprocessing = 0;
		};
/* End PBXResourcesBuildPhase section */

/* Begin PBXShellScriptBuildPhase section */
		67E18FE76B0361A7F2F252DF /* [CP] Embed Pods Frameworks */ = {
			isa = PBXShellScriptBuildPhase;
			buildActionMask = 2147483647;
			files = (
			);
			inputFileListPaths = (
				"${PODS_ROOT}/Target Support Files/Pods-ToDoVIPERCoreData/Pods-ToDoVIPERCoreData-frameworks-${CONFIGURATION}-input-files.xcfilelist",
			);
			name = "[CP] Embed Pods Frameworks";
			outputFileListPaths = (
				"${PODS_ROOT}/Target Support Files/Pods-ToDoVIPERCoreData/Pods-ToDoVIPERCoreData-frameworks-${CONFIGURATION}-output-files.xcfilelist",
			);
			runOnlyForDeploymentPostprocessing = 0;
			shellPath = /bin/sh;
			shellScript = "\"${PODS_ROOT}/Target Support Files/Pods-ToDoVIPERCoreData/Pods-ToDoVIPERCoreData-frameworks.sh\"\n";
			showEnvVarsInLog = 0;
		};
		75160CDBC2955326080E05F4 /* [CP] Check Pods Manifest.lock */ = {
			isa = PBXShellScriptBuildPhase;
			buildActionMask = 2147483647;
			files = (
			);
			inputFileListPaths = (
			);
			inputPaths = (
				"${PODS_PODFILE_DIR_PATH}/Podfile.lock",
				"${PODS_ROOT}/Manifest.lock",
			);
			name = "[CP] Check Pods Manifest.lock";
			outputFileListPaths = (
			);
			outputPaths = (
				"$(DERIVED_FILE_DIR)/Pods-ToDoVIPERCoreData-checkManifestLockResult.txt",
			);
			runOnlyForDeploymentPostprocessing = 0;
			shellPath = /bin/sh;
			shellScript = "diff \"${PODS_PODFILE_DIR_PATH}/Podfile.lock\" \"${PODS_ROOT}/Manifest.lock\" > /dev/null\nif [ $? != 0 ] ; then\n    # print error to STDERR\n    echo \"error: The sandbox is not in sync with the Podfile.lock. Run 'pod install' or update your CocoaPods installation.\" >&2\n    exit 1\nfi\n# This output is used by Xcode 'outputs' to avoid re-running this script phase.\necho \"SUCCESS\" > \"${SCRIPT_OUTPUT_FILE_0}\"\n";
			showEnvVarsInLog = 0;
		};
/* End PBXShellScriptBuildPhase section */

/* Begin PBXSourcesBuildPhase section */
		AD8CD2FE2C908057007EB51C /* Sources */ = {
			isa = PBXSourcesBuildPhase;
			buildActionMask = 2147483647;
			files = (
				AD8CD3192C9082C0007EB51C /* MockURLSession.swift in Sources */,
				AD8CD3282C92E57F007EB51C /* EditTaskPresenter.swift in Sources */,
				AD8CD3162C908270007EB51C /* NetworkServiceTests.swift in Sources */,
				AD8CD3102C9080FA007EB51C /* MockNetworkService.swift in Sources */,
				AD8CD32C2C92E57F007EB51C /* EditTaskInteractor.swift in Sources */,
				AD8CD32E2C92E57F007EB51C /* EditTaskRouter.swift in Sources */,
				AD8CD31C2C92E4E9007EB51C /* EditTaskView.swift in Sources */,
				AD8CD3302C92E57F007EB51C /* EditTaskEntity.swift in Sources */,
				AD8CD3322C92E57F007EB51C /* EditTaskModuleBuilder.swift in Sources */,
				AD8CD30D2C9080AC007EB51C /* NetworkManagerTests.swift in Sources */,
				AD8CD3132C90823E007EB51C /* NetworkWorkerTests.swift in Sources */,
				AD8CD3052C908057007EB51C /* ToDoVIPERCoreDataTests.swift in Sources */,
				AD8CD32A2C92E57F007EB51C /* EditTaskScreenFlow.swift in Sources */,
				AD8CD3262C92E57F007EB51C /* EditTaskViewController.swift in Sources */,
			);
			runOnlyForDeploymentPostprocessing = 0;
		};
		ADBB3EBE2C8856590096B776 /* Sources */ = {
			isa = PBXSourcesBuildPhase;
			buildActionMask = 2147483647;
			files = (
				ADE6E9922C8A2DB00061C69D /* NetworkManager.swift in Sources */,
				AD05E49B2C886615001A0730 /* ToDoInteractor.swift in Sources */,
				ADE6E9902C8A163D0061C69D /* Print global.swift in Sources */,
				AD8CD32F2C92E57F007EB51C /* EditTaskEntity.swift in Sources */,
				AD1185092C89D88A007AC8DF /* NavigationBarControllable.swift in Sources */,
				ADE6E9A42C8A439E0061C69D /* StorageDataManager.swift in Sources */,
				AD1185042C89D7FA007AC8DF /* CustomNavBar.swift in Sources */,
				AD05E4922C88620F001A0730 /* ToDoModuleBuilder.swift in Sources */,
				AD8CD3312C92E57F007EB51C /* EditTaskModuleBuilder.swift in Sources */,
				ADBB3EC62C8856590096B776 /* AppDelegate.swift in Sources */,
				AD1185002C89C1BD007AC8DF /* ToDoView.swift in Sources */,
				AD8CD30C2C9080AC007EB51C /* NetworkManagerTests.swift in Sources */,
				AD1185022C89CAA8007AC8DF /* ToDoScreenFlow.swift in Sources */,
				AD1185062C89D839007AC8DF /* AlertDisplayable.swift in Sources */,
				ADE6E9A02C8A36F00061C69D /* NetworkService.swift in Sources */,
				AD8CD3292C92E57F007EB51C /* EditTaskScreenFlow.swift in Sources */,
				AD8CD32D2C92E57F007EB51C /* EditTaskRouter.swift in Sources */,
				AD05E49D2C886729001A0730 /* ToDoRouter.swift in Sources */,
				ADE6E9A22C8A3B040061C69D /* NetworkManagerErrors.swift in Sources */,
				AD1184FB2C89B92A007AC8DF /* BaseCollectionViewCell.swift in Sources */,
				ADE6E99C2C8A35C80061C69D /* EndPoint.swift in Sources */,
				AD1185192C8A00A8007AC8DF /* SepatorCell.swift in Sources */,
				AD1184F92C89B871007AC8DF /* BaseTableViewCell.swift in Sources */,
				AD8CD3122C90823E007EB51C /* NetworkWorkerTests.swift in Sources */,
				AD11851B2C8A00C9007AC8DF /* SeparatorCellViewModel.swift in Sources */,
				AD8CD3272C92E57F007EB51C /* EditTaskPresenter.swift in Sources */,
				AD8CD32B2C92E57F007EB51C /* EditTaskInteractor.swift in Sources */,
				AD11850D2C89D9E8007AC8DF /* SpinnerDisplayable.swift in Sources */,
				AD8CD3152C908270007EB51C /* NetworkServiceTests.swift in Sources */,
				ADE6E9A92C8ADE090061C69D /* StorageWorker.swift in Sources */,
				AD8CD3182C9082C0007EB51C /* MockURLSession.swift in Sources */,
				ADE6E9AF2C8AEECB0061C69D /* ToDoVIPERCoreData.xcdatamodeld in Sources */,
				AD1185152C89FA3C007AC8DF /* OneFilterCell.swift in Sources */,
				AD05E4972C8862C7001A0730 /* ToDoViewController.swift in Sources */,
				AD5A9FA82C88842200600F26 /* ToDoEntity.swift in Sources */,
				AD8CD31B2C92E4E9007EB51C /* EditTaskView.swift in Sources */,
				AD05E4992C8865EE001A0730 /* ToDoPresenter.swift in Sources */,
				AD11850B2C89D8B4007AC8DF /* UIHelper.swift in Sources */,
				ADBB3EC82C8856590096B776 /* SceneDelegate.swift in Sources */,
				ADE920232C8B0680004B6166 /* CoreDataService.swift in Sources */,
				ADE6E99A2C8A34BE0061C69D /* DataMapperError.swift in Sources */,
				ADE6E9982C8A347D0061C69D /* DataMapper.swift in Sources */,
				AD8CD30F2C9080FA007EB51C /* MockNetworkService.swift in Sources */,
				AD8CD3252C92E57F007EB51C /* EditTaskViewController.swift in Sources */,
				AD5A9FA52C886ADB00600F26 /* ToDoCollectionViewCell.swift in Sources */,
				AD1185102C89F664007AC8DF /* CollectionFilterView.swift in Sources */,
				AD1185132C89F7EE007AC8DF /* CollectionFilterViewModel.swift in Sources */,
				AD1184FE2C89B99C007AC8DF /* ToDoCellViewModel.swift in Sources */,
				AD1185172C89FA51007AC8DF /* OneFilterCellViewModel.swift in Sources */,
				ADE6E99E2C8A36B00061C69D /* NetServiceError.swift in Sources */,
				AD58F63E2C8B4B910049F47A /* ToDoNetworkWorker.swift in Sources */,
			);
			runOnlyForDeploymentPostprocessing = 0;
		};
/* End PBXSourcesBuildPhase section */

/* Begin PBXTargetDependency section */
		AD8CD3072C908057007EB51C /* PBXTargetDependency */ = {
			isa = PBXTargetDependency;
			target = ADBB3EC12C8856590096B776 /* ToDoVIPERCoreData */;
			targetProxy = AD8CD3062C908057007EB51C /* PBXContainerItemProxy */;
		};
/* End PBXTargetDependency section */

/* Begin PBXVariantGroup section */
		ADBB3ED02C88565B0096B776 /* LaunchScreen.storyboard */ = {
			isa = PBXVariantGroup;
			children = (
				ADBB3ED12C88565B0096B776 /* Base */,
			);
			name = LaunchScreen.storyboard;
			sourceTree = "<group>";
		};
/* End PBXVariantGroup section */

/* Begin XCBuildConfiguration section */
		AD8CD3082C908057007EB51C /* Debug */ = {
			isa = XCBuildConfiguration;
			buildSettings = {
				BUNDLE_LOADER = "$(TEST_HOST)";
				CODE_SIGN_STYLE = Automatic;
				CURRENT_PROJECT_VERSION = 1;
				DEVELOPMENT_TEAM = 994K78QDG8;
				ENABLE_USER_SCRIPT_SANDBOXING = YES;
				GENERATE_INFOPLIST_FILE = YES;
				MARKETING_VERSION = 1.0;
				PRODUCT_BUNDLE_IDENTIFIER = i.ToDoVIPERCoreDataTests;
				PRODUCT_NAME = "$(TARGET_NAME)";
				SWIFT_EMIT_LOC_STRINGS = NO;
				SWIFT_VERSION = 5.0;
				TARGETED_DEVICE_FAMILY = "1,2";
				TEST_HOST = "$(BUILT_PRODUCTS_DIR)/ToDoVIPERCoreData.app/$(BUNDLE_EXECUTABLE_FOLDER_PATH)/ToDoVIPERCoreData";
			};
			name = Debug;
		};
		AD8CD3092C908057007EB51C /* Release */ = {
			isa = XCBuildConfiguration;
			buildSettings = {
				BUNDLE_LOADER = "$(TEST_HOST)";
				CODE_SIGN_STYLE = Automatic;
				CURRENT_PROJECT_VERSION = 1;
				DEVELOPMENT_TEAM = 994K78QDG8;
				ENABLE_USER_SCRIPT_SANDBOXING = YES;
				GENERATE_INFOPLIST_FILE = YES;
				MARKETING_VERSION = 1.0;
				PRODUCT_BUNDLE_IDENTIFIER = i.ToDoVIPERCoreDataTests;
				PRODUCT_NAME = "$(TARGET_NAME)";
				SWIFT_EMIT_LOC_STRINGS = NO;
				SWIFT_VERSION = 5.0;
				TARGETED_DEVICE_FAMILY = "1,2";
				TEST_HOST = "$(BUILT_PRODUCTS_DIR)/ToDoVIPERCoreData.app/$(BUNDLE_EXECUTABLE_FOLDER_PATH)/ToDoVIPERCoreData";
			};
			name = Release;
		};
		ADBB3ED42C88565B0096B776 /* Debug */ = {
			isa = XCBuildConfiguration;
			buildSettings = {
				ALWAYS_SEARCH_USER_PATHS = NO;
				ASSETCATALOG_COMPILER_GENERATE_SWIFT_ASSET_SYMBOL_EXTENSIONS = YES;
				CLANG_ANALYZER_NONNULL = YES;
				CLANG_ANALYZER_NUMBER_OBJECT_CONVERSION = YES_AGGRESSIVE;
				CLANG_CXX_LANGUAGE_STANDARD = "gnu++20";
				CLANG_ENABLE_MODULES = YES;
				CLANG_ENABLE_OBJC_ARC = YES;
				CLANG_ENABLE_OBJC_WEAK = YES;
				CLANG_WARN_BLOCK_CAPTURE_AUTORELEASING = YES;
				CLANG_WARN_BOOL_CONVERSION = YES;
				CLANG_WARN_COMMA = YES;
				CLANG_WARN_CONSTANT_CONVERSION = YES;
				CLANG_WARN_DEPRECATED_OBJC_IMPLEMENTATIONS = YES;
				CLANG_WARN_DIRECT_OBJC_ISA_USAGE = YES_ERROR;
				CLANG_WARN_DOCUMENTATION_COMMENTS = YES;
				CLANG_WARN_EMPTY_BODY = YES;
				CLANG_WARN_ENUM_CONVERSION = YES;
				CLANG_WARN_INFINITE_RECURSION = YES;
				CLANG_WARN_INT_CONVERSION = YES;
				CLANG_WARN_NON_LITERAL_NULL_CONVERSION = YES;
				CLANG_WARN_OBJC_IMPLICIT_RETAIN_SELF = YES;
				CLANG_WARN_OBJC_LITERAL_CONVERSION = YES;
				CLANG_WARN_OBJC_ROOT_CLASS = YES_ERROR;
				CLANG_WARN_QUOTED_INCLUDE_IN_FRAMEWORK_HEADER = YES;
				CLANG_WARN_RANGE_LOOP_ANALYSIS = YES;
				CLANG_WARN_STRICT_PROTOTYPES = YES;
				CLANG_WARN_SUSPICIOUS_MOVE = YES;
				CLANG_WARN_UNGUARDED_AVAILABILITY = YES_AGGRESSIVE;
				CLANG_WARN_UNREACHABLE_CODE = YES;
				CLANG_WARN__DUPLICATE_METHOD_MATCH = YES;
				COPY_PHASE_STRIP = NO;
				DEBUG_INFORMATION_FORMAT = dwarf;
				ENABLE_STRICT_OBJC_MSGSEND = YES;
				ENABLE_TESTABILITY = YES;
				ENABLE_USER_SCRIPT_SANDBOXING = NO;
				GCC_C_LANGUAGE_STANDARD = gnu17;
				GCC_DYNAMIC_NO_PIC = NO;
				GCC_NO_COMMON_BLOCKS = YES;
				GCC_OPTIMIZATION_LEVEL = 0;
				GCC_PREPROCESSOR_DEFINITIONS = (
					"DEBUG=1",
					"$(inherited)",
				);
				GCC_WARN_64_TO_32_BIT_CONVERSION = YES;
				GCC_WARN_ABOUT_RETURN_TYPE = YES_ERROR;
				GCC_WARN_UNDECLARED_SELECTOR = YES;
				GCC_WARN_UNINITIALIZED_AUTOS = YES_AGGRESSIVE;
				GCC_WARN_UNUSED_FUNCTION = YES;
				GCC_WARN_UNUSED_VARIABLE = YES;
				IPHONEOS_DEPLOYMENT_TARGET = 17.5;
				LOCALIZATION_PREFERS_STRING_CATALOGS = YES;
				MTL_ENABLE_DEBUG_INFO = INCLUDE_SOURCE;
				MTL_FAST_MATH = YES;
				ONLY_ACTIVE_ARCH = YES;
				SDKROOT = iphoneos;
				SWIFT_ACTIVE_COMPILATION_CONDITIONS = "DEBUG $(inherited)";
				SWIFT_OPTIMIZATION_LEVEL = "-Onone";
			};
			name = Debug;
		};
		ADBB3ED52C88565B0096B776 /* Release */ = {
			isa = XCBuildConfiguration;
			buildSettings = {
				ALWAYS_SEARCH_USER_PATHS = NO;
				ASSETCATALOG_COMPILER_GENERATE_SWIFT_ASSET_SYMBOL_EXTENSIONS = YES;
				CLANG_ANALYZER_NONNULL = YES;
				CLANG_ANALYZER_NUMBER_OBJECT_CONVERSION = YES_AGGRESSIVE;
				CLANG_CXX_LANGUAGE_STANDARD = "gnu++20";
				CLANG_ENABLE_MODULES = YES;
				CLANG_ENABLE_OBJC_ARC = YES;
				CLANG_ENABLE_OBJC_WEAK = YES;
				CLANG_WARN_BLOCK_CAPTURE_AUTORELEASING = YES;
				CLANG_WARN_BOOL_CONVERSION = YES;
				CLANG_WARN_COMMA = YES;
				CLANG_WARN_CONSTANT_CONVERSION = YES;
				CLANG_WARN_DEPRECATED_OBJC_IMPLEMENTATIONS = YES;
				CLANG_WARN_DIRECT_OBJC_ISA_USAGE = YES_ERROR;
				CLANG_WARN_DOCUMENTATION_COMMENTS = YES;
				CLANG_WARN_EMPTY_BODY = YES;
				CLANG_WARN_ENUM_CONVERSION = YES;
				CLANG_WARN_INFINITE_RECURSION = YES;
				CLANG_WARN_INT_CONVERSION = YES;
				CLANG_WARN_NON_LITERAL_NULL_CONVERSION = YES;
				CLANG_WARN_OBJC_IMPLICIT_RETAIN_SELF = YES;
				CLANG_WARN_OBJC_LITERAL_CONVERSION = YES;
				CLANG_WARN_OBJC_ROOT_CLASS = YES_ERROR;
				CLANG_WARN_QUOTED_INCLUDE_IN_FRAMEWORK_HEADER = YES;
				CLANG_WARN_RANGE_LOOP_ANALYSIS = YES;
				CLANG_WARN_STRICT_PROTOTYPES = YES;
				CLANG_WARN_SUSPICIOUS_MOVE = YES;
				CLANG_WARN_UNGUARDED_AVAILABILITY = YES_AGGRESSIVE;
				CLANG_WARN_UNREACHABLE_CODE = YES;
				CLANG_WARN__DUPLICATE_METHOD_MATCH = YES;
				COPY_PHASE_STRIP = NO;
				DEBUG_INFORMATION_FORMAT = "dwarf-with-dsym";
				ENABLE_NS_ASSERTIONS = NO;
				ENABLE_STRICT_OBJC_MSGSEND = YES;
				ENABLE_USER_SCRIPT_SANDBOXING = NO;
				GCC_C_LANGUAGE_STANDARD = gnu17;
				GCC_NO_COMMON_BLOCKS = YES;
				GCC_WARN_64_TO_32_BIT_CONVERSION = YES;
				GCC_WARN_ABOUT_RETURN_TYPE = YES_ERROR;
				GCC_WARN_UNDECLARED_SELECTOR = YES;
				GCC_WARN_UNINITIALIZED_AUTOS = YES_AGGRESSIVE;
				GCC_WARN_UNUSED_FUNCTION = YES;
				GCC_WARN_UNUSED_VARIABLE = YES;
				IPHONEOS_DEPLOYMENT_TARGET = 17.5;
				LOCALIZATION_PREFERS_STRING_CATALOGS = YES;
				MTL_ENABLE_DEBUG_INFO = NO;
				MTL_FAST_MATH = YES;
				SDKROOT = iphoneos;
				SWIFT_COMPILATION_MODE = wholemodule;
				VALIDATE_PRODUCT = YES;
			};
			name = Release;
		};
		ADBB3ED72C88565B0096B776 /* Debug */ = {
			isa = XCBuildConfiguration;
			baseConfigurationReference = 30A2319FB4E0AB5D04CBDA83 /* Pods-ToDoVIPERCoreData.debug.xcconfig */;
			buildSettings = {
				ASSETCATALOG_COMPILER_APPICON_NAME = AppIcon;
				ASSETCATALOG_COMPILER_GLOBAL_ACCENT_COLOR_NAME = AccentColor;
				CODE_SIGN_STYLE = Automatic;
				CURRENT_PROJECT_VERSION = 1;
				DEVELOPMENT_TEAM = 994K78QDG8;
				GENERATE_INFOPLIST_FILE = YES;
				INFOPLIST_FILE = ToDoVIPERCoreData/Info.plist;
				INFOPLIST_KEY_UIApplicationSupportsIndirectInputEvents = YES;
				INFOPLIST_KEY_UILaunchStoryboardName = LaunchScreen;
				INFOPLIST_KEY_UISupportedInterfaceOrientations = UIInterfaceOrientationPortrait;
				LD_RUNPATH_SEARCH_PATHS = (
					"$(inherited)",
					"@executable_path/Frameworks",
				);
				MARKETING_VERSION = 1.0;
				PRODUCT_BUNDLE_IDENTIFIER = i.ToDoVIPERCoreData;
				PRODUCT_NAME = "$(TARGET_NAME)";
				SWIFT_EMIT_LOC_STRINGS = YES;
				SWIFT_VERSION = 5.0;
				TARGETED_DEVICE_FAMILY = "1,2";
			};
			name = Debug;
		};
		ADBB3ED82C88565B0096B776 /* Release */ = {
			isa = XCBuildConfiguration;
			baseConfigurationReference = 62E8D8C65EEA05BEED6D3C50 /* Pods-ToDoVIPERCoreData.release.xcconfig */;
			buildSettings = {
				ASSETCATALOG_COMPILER_APPICON_NAME = AppIcon;
				ASSETCATALOG_COMPILER_GLOBAL_ACCENT_COLOR_NAME = AccentColor;
				CODE_SIGN_STYLE = Automatic;
				CURRENT_PROJECT_VERSION = 1;
				DEVELOPMENT_TEAM = 994K78QDG8;
				GENERATE_INFOPLIST_FILE = YES;
				INFOPLIST_FILE = ToDoVIPERCoreData/Info.plist;
				INFOPLIST_KEY_UIApplicationSupportsIndirectInputEvents = YES;
				INFOPLIST_KEY_UILaunchStoryboardName = LaunchScreen;
				INFOPLIST_KEY_UISupportedInterfaceOrientations = UIInterfaceOrientationPortrait;
				LD_RUNPATH_SEARCH_PATHS = (
					"$(inherited)",
					"@executable_path/Frameworks",
				);
				MARKETING_VERSION = 1.0;
				PRODUCT_BUNDLE_IDENTIFIER = i.ToDoVIPERCoreData;
				PRODUCT_NAME = "$(TARGET_NAME)";
				SWIFT_EMIT_LOC_STRINGS = YES;
				SWIFT_VERSION = 5.0;
				TARGETED_DEVICE_FAMILY = "1,2";
			};
			name = Release;
		};
/* End XCBuildConfiguration section */

/* Begin XCConfigurationList section */
		AD8CD30A2C908057007EB51C /* Build configuration list for PBXNativeTarget "ToDoVIPERCoreDataTests" */ = {
			isa = XCConfigurationList;
			buildConfigurations = (
				AD8CD3082C908057007EB51C /* Debug */,
				AD8CD3092C908057007EB51C /* Release */,
			);
			defaultConfigurationIsVisible = 0;
			defaultConfigurationName = Release;
		};
		ADBB3EBD2C8856590096B776 /* Build configuration list for PBXProject "ToDoVIPERCoreData" */ = {
			isa = XCConfigurationList;
			buildConfigurations = (
				ADBB3ED42C88565B0096B776 /* Debug */,
				ADBB3ED52C88565B0096B776 /* Release */,
			);
			defaultConfigurationIsVisible = 0;
			defaultConfigurationName = Release;
		};
		ADBB3ED62C88565B0096B776 /* Build configuration list for PBXNativeTarget "ToDoVIPERCoreData" */ = {
			isa = XCConfigurationList;
			buildConfigurations = (
				ADBB3ED72C88565B0096B776 /* Debug */,
				ADBB3ED82C88565B0096B776 /* Release */,
			);
			defaultConfigurationIsVisible = 0;
			defaultConfigurationName = Release;
		};
/* End XCConfigurationList section */

/* Begin XCVersionGroup section */
		ADE6E9AD2C8AEECB0061C69D /* ToDoVIPERCoreData.xcdatamodeld */ = {
			isa = XCVersionGroup;
			children = (
				ADE6E9AE2C8AEECB0061C69D /* ToDoVIPERCoreData.xcdatamodel */,
			);
			currentVersion = ADE6E9AE2C8AEECB0061C69D /* ToDoVIPERCoreData.xcdatamodel */;
			name = ToDoVIPERCoreData.xcdatamodeld;
			path = /Users/vakula_48/Documents/iOS/ToDoVIPERCoreData/ToDoVIPERCoreData/CoreData/ToDoVIPERCoreData.xcdatamodeld;
			sourceTree = "<group>";
			versionGroupType = wrapper.xcdatamodel;
		};
/* End XCVersionGroup section */
	};
	rootObject = ADBB3EBA2C8856590096B776 /* Project object */;
}
